
Microsoft Visual Studio Solution File, Format Version 12.00
# Visual Studio Version 17
VisualStudioVersion = 17.8.34316.72
MinimumVisualStudioVersion = 10.0.40219.1
Project("{9A19103F-16F7-4668-BE54-9A1E7A4F7556}") = "Day4_Part1", "Day4_Part1\Day4_Part1.csproj", "{481CE2D6-C347-4656-970C-4A8F29AAF49A}"
EndProject
Project("{9A19103F-16F7-4668-BE54-9A1E7A4F7556}") = "Day4_Part2", "Day4_Part2\Day4_Part2.csproj", "{BD28E689-191C-4A97-8885-83101F7C8251}"
EndProject
Project("{9A19103F-16F7-4668-BE54-9A1E7A4F7556}") = "Day1Part1", "Day1Part1\Day1Part1.csproj", "{7C51EE0E-56C2-479F-9F4E-18FE632A8FE4}"
EndProject
Project("{9A19103F-16F7-4668-BE54-9A1E7A4F7556}") = "Day1Part2", "Day1Part2\Day1Part2.csproj", "{CB175C30-EEF6-4AD5-A1B3-AFB373981587}"
EndProject
Project("{9A19103F-16F7-4668-BE54-9A1E7A4F7556}") = "Day2Part1", "Day2Part1\Day2Part1.csproj", "{E3E2EE6A-0954-4BAC-B5B8-B5B4FCF36C74}"
EndProject
Project("{9A19103F-16F7-4668-BE54-9A1E7A4F7556}") = "Day2Part2", "Day2Part2\Day2Part2.csproj", "{86543C92-EEE5-4EBA-812F-CF9A468565F0}"
EndProject
Project("{9A19103F-16F7-4668-BE54-9A1E7A4F7556}") = "Day3Part1", "Day3Part1\Day3Part1.csproj", "{C5B343A7-29B1-4495-84E9-0A78AD813D2A}"
EndProject
Project("{9A19103F-16F7-4668-BE54-9A1E7A4F7556}") = "Day3Part2", "Day3Part2\Day3Part2.csproj", "{BCA977AD-386D-41EA-AF8B-9E90D734C3C2}"
EndProject
Project("{FAE04EC0-301F-11D3-BF4B-00C04F79EFBC}") = "Day9Part1", "Day9Part1\Day9Part1.csproj", "{097FF229-DFAB-40ED-A976-7509343A4474}"
EndProject
Global
	GlobalSection(SolutionConfigurationPlatforms) = preSolution
		Debug|Any CPU = Debug|Any CPU
		Release|Any CPU = Release|Any CPU
	EndGlobalSection
	GlobalSection(ProjectConfigurationPlatforms) = postSolution
		{481CE2D6-C347-4656-970C-4A8F29AAF49A}.Debug|Any CPU.ActiveCfg = Debug|Any CPU
		{481CE2D6-C347-4656-970C-4A8F29AAF49A}.Debug|Any CPU.Build.0 = Debug|Any CPU
		{481CE2D6-C347-4656-970C-4A8F29AAF49A}.Release|Any CPU.ActiveCfg = Release|Any CPU
		{481CE2D6-C347-4656-970C-4A8F29AAF49A}.Release|Any CPU.Build.0 = Release|Any CPU
		{BD28E689-191C-4A97-8885-83101F7C8251}.Debug|Any CPU.ActiveCfg = Debug|Any CPU
		{BD28E689-191C-4A97-8885-83101F7C8251}.Debug|Any CPU.Build.0 = Debug|Any CPU
		{BD28E689-191C-4A97-8885-83101F7C8251}.Release|Any CPU.ActiveCfg = Release|Any CPU
		{BD28E689-191C-4A97-8885-83101F7C8251}.Release|Any CPU.Build.0 = Release|Any CPU
		{7C51EE0E-56C2-479F-9F4E-18FE632A8FE4}.Debug|Any CPU.ActiveCfg = Debug|Any CPU
		{7C51EE0E-56C2-479F-9F4E-18FE632A8FE4}.Debug|Any CPU.Build.0 = Debug|Any CPU
		{7C51EE0E-56C2-479F-9F4E-18FE632A8FE4}.Release|Any CPU.ActiveCfg = Release|Any CPU
		{7C51EE0E-56C2-479F-9F4E-18FE632A8FE4}.Release|Any CPU.Build.0 = Release|Any CPU
		{CB175C30-EEF6-4AD5-A1B3-AFB373981587}.Debug|Any CPU.ActiveCfg = Debug|Any CPU
		{CB175C30-EEF6-4AD5-A1B3-AFB373981587}.Debug|Any CPU.Build.0 = Debug|Any CPU
		{CB175C30-EEF6-4AD5-A1B3-AFB373981587}.Release|Any CPU.ActiveCfg = Release|Any CPU
		{CB175C30-EEF6-4AD5-A1B3-AFB373981587}.Release|Any CPU.Build.0 = Release|Any CPU
		{E3E2EE6A-0954-4BAC-B5B8-B5B4FCF36C74}.Debug|Any CPU.ActiveCfg = Debug|Any CPU
		{E3E2EE6A-0954-4BAC-B5B8-B5B4FCF36C74}.Debug|Any CPU.Build.0 = Debug|Any CPU
		{E3E2EE6A-0954-4BAC-B5B8-B5B4FCF36C74}.Release|Any CPU.ActiveCfg = Release|Any CPU
		{E3E2EE6A-0954-4BAC-B5B8-B5B4FCF36C74}.Release|Any CPU.Build.0 = Release|Any CPU
		{86543C92-EEE5-4EBA-812F-CF9A468565F0}.Debug|Any CPU.ActiveCfg = Debug|Any CPU
		{86543C92-EEE5-4EBA-812F-CF9A468565F0}.Debug|Any CPU.Build.0 = Debug|Any CPU
		{86543C92-EEE5-4EBA-812F-CF9A468565F0}.Release|Any CPU.ActiveCfg = Release|Any CPU
		{86543C92-EEE5-4EBA-812F-CF9A468565F0}.Release|Any CPU.Build.0 = Release|Any CPU
		{C5B343A7-29B1-4495-84E9-0A78AD813D2A}.Debug|Any CPU.ActiveCfg = Debug|Any CPU
		{C5B343A7-29B1-4495-84E9-0A78AD813D2A}.Debug|Any CPU.Build.0 = Debug|Any CPU
		{C5B343A7-29B1-4495-84E9-0A78AD813D2A}.Release|Any CPU.ActiveCfg = Release|Any CPU
		{C5B343A7-29B1-4495-84E9-0A78AD813D2A}.Release|Any CPU.Build.0 = Release|Any CPU
		{BCA977AD-386D-41EA-AF8B-9E90D734C3C2}.Debug|Any CPU.ActiveCfg = Debug|Any CPU
		{BCA977AD-386D-41EA-AF8B-9E90D734C3C2}.Debug|Any CPU.Build.0 = Debug|Any CPU
		{BCA977AD-386D-41EA-AF8B-9E90D734C3C2}.Release|Any CPU.ActiveCfg = Release|Any CPU
		{BCA977AD-386D-41EA-AF8B-9E90D734C3C2}.Release|Any CPU.Build.0 = Release|Any CPU
		{097FF229-DFAB-40ED-A976-7509343A4474}.Debug|Any CPU.ActiveCfg = Debug|Any CPU
		{097FF229-DFAB-40ED-A976-7509343A4474}.Debug|Any CPU.Build.0 = Debug|Any CPU
		{097FF229-DFAB-40ED-A976-7509343A4474}.Release|Any CPU.ActiveCfg = Release|Any CPU
		{097FF229-DFAB-40ED-A976-7509343A4474}.Release|Any CPU.Build.0 = Release|Any CPU
	EndGlobalSection
	GlobalSection(SolutionProperties) = preSolution
		HideSolutionNode = FALSE
	EndGlobalSection
	GlobalSection(ExtensibilityGlobals) = postSolution
		SolutionGuid = {8ECF45CE-760D-4921-964F-2AF4EDB33F4A}
	EndGlobalSection
EndGlobal
